	<Project xmlns="http://schemas.microsoft.com/developer/msbuild/2003">
		<PropertyGroup>
			<ProjectGuid>{DA3C94AE-9819-49FD-A5D6-C4BFD8721CF1}</ProjectGuid>
			<ProjectVersion>12.0</ProjectVersion>
			<MainSource>app.dpr</MainSource>
			<Config Condition="'$(Config)'==''">Debug</Config>
			<DCC_DCCCompiler>DCC32</DCC_DCCCompiler>
		</PropertyGroup>
		<PropertyGroup Condition="'$(Config)'=='Base' or '$(Base)'!=''">
			<Base>true</Base>
		</PropertyGroup>
		<PropertyGroup Condition="'$(Config)'=='Release' or '$(Cfg_1)'!=''">
			<Cfg_1>true</Cfg_1>
			<CfgParent>Base</CfgParent>
			<Base>true</Base>
		</PropertyGroup>
		<PropertyGroup Condition="'$(Config)'=='Debug' or '$(Cfg_2)'!=''">
			<Cfg_2>true</Cfg_2>
			<CfgParent>Base</CfgParent>
			<Base>true</Base>
		</PropertyGroup>
		<PropertyGroup Condition="'$(Base)'!=''">
			<DCC_DependencyCheckOutputName>app.exe</DCC_DependencyCheckOutputName>
			<DCC_UnitAlias>WinTypes=Windows;WinProcs=Windows;DbiTypes=BDE;DbiProcs=BDE;DbiErrs=BDE;$(DCC_UnitAlias)</DCC_UnitAlias>
			<DCC_ImageBase>00400000</DCC_ImageBase>
			<DCC_Platform>x86</DCC_Platform>
		</PropertyGroup>
		<PropertyGroup Condition="'$(Cfg_1)'!=''">
			<DCC_Define>RELEASE;$(DCC_Define)</DCC_Define>
			<DCC_SymbolReferenceInfo>0</DCC_SymbolReferenceInfo>
			<DCC_LocalDebugSymbols>false</DCC_LocalDebugSymbols>
			<DCC_DebugInformation>false</DCC_DebugInformation>
		</PropertyGroup>
		<PropertyGroup Condition="'$(Cfg_2)'!=''">
			<DCC_Define>DEBUG;$(DCC_Define)</DCC_Define>
		</PropertyGroup>
		<ItemGroup>
			<DelphiCompile Include="app.dpr">
				<MainSource>MainSource</MainSource>
			</DelphiCompile>
			<DCCReference Include="uMain.pas">
				<Form>Form2</Form>
			</DCCReference>
			<DCCReference Include="uSentryConsts.pas"/>
			<BuildConfiguration Include="Base">
				<Key>Base</Key>
			</BuildConfiguration>
			<BuildConfiguration Include="Release">
				<Key>Cfg_1</Key>
				<CfgParent>Base</CfgParent>
			</BuildConfiguration>
			<BuildConfiguration Include="Debug">
				<Key>Cfg_2</Key>
				<CfgParent>Base</CfgParent>
			</BuildConfiguration>
		</ItemGroup>
		<Import Project="$(BDS)\Bin\CodeGear.Delphi.Targets" Condition="Exists('$(BDS)\Bin\CodeGear.Delphi.Targets')"/>
		<ProjectExtensions>
			<Borland.Personality>Delphi.Personality.12</Borland.Personality>
			<Borland.ProjectType/>
			<BorlandProject>
				<Delphi.Personality>
					<Source>
						<Source Name="MainSource">app.dpr</Source>
					</Source>
					<Parameters>
						<Parameters Name="UseLauncher">False</Parameters>
						<Parameters Name="LoadAllSymbols">True</Parameters>
						<Parameters Name="LoadUnspecifiedSymbols">False</Parameters>
					</Parameters>
					<VersionInfo>
						<VersionInfo Name="IncludeVerInfo">False</VersionInfo>
						<VersionInfo Name="AutoIncBuild">False</VersionInfo>
						<VersionInfo Name="MajorVer">1</VersionInfo>
						<VersionInfo Name="MinorVer">0</VersionInfo>
						<VersionInfo Name="Release">0</VersionInfo>
						<VersionInfo Name="Build">0</VersionInfo>
						<VersionInfo Name="Debug">False</VersionInfo>
						<VersionInfo Name="PreRelease">False</VersionInfo>
						<VersionInfo Name="Special">False</VersionInfo>
						<VersionInfo Name="Private">False</VersionInfo>
						<VersionInfo Name="DLL">False</VersionInfo>
						<VersionInfo Name="Locale">1033</VersionInfo>
						<VersionInfo Name="CodePage">1252</VersionInfo>
					</VersionInfo>
					<VersionInfoKeys>
						<VersionInfoKeys Name="CompanyName"/>
						<VersionInfoKeys Name="FileDescription"/>
						<VersionInfoKeys Name="FileVersion">1.0.0.0</VersionInfoKeys>
						<VersionInfoKeys Name="InternalName"/>
						<VersionInfoKeys Name="LegalCopyright"/>
						<VersionInfoKeys Name="LegalTrademarks"/>
						<VersionInfoKeys Name="OriginalFilename"/>
						<VersionInfoKeys Name="ProductName"/>
						<VersionInfoKeys Name="ProductVersion">1.0.0.0</VersionInfoKeys>
						<VersionInfoKeys Name="Comments"/>
					</VersionInfoKeys>
					<Excluded_Packages>
						<Excluded_Packages Name="$(BDS)\bin\dcloffice2k120.bpl">Microsoft Office 2000 Sample Automation Server Wrapper Components</Excluded_Packages>
						<Excluded_Packages Name="$(BDS)\bin\dclofficexp120.bpl">Microsoft Office XP Sample Automation Server Wrapper Components</Excluded_Packages>
						<Excluded_Packages Name="C:\Rep2009\EldoS\SecureBlackBox\Packages\Delphi2009\ASiCBBoxD12.bpl">File C:\Rep2009\EldoS\SecureBlackBox\Packages\Delphi2009\ASiCBBoxD12.bpl not found</Excluded_Packages>
						<Excluded_Packages Name="C:\Rep2009\EldoS\SecureBlackBox\Packages\Delphi2009\BaseBBoxD12.bpl">File C:\Rep2009\EldoS\SecureBlackBox\Packages\Delphi2009\BaseBBoxD12.bpl not found</Excluded_Packages>
						<Excluded_Packages Name="C:\Rep2009\EldoS\SecureBlackBox\Packages\Delphi2009\CloudBBoxD12.bpl">File C:\Rep2009\EldoS\SecureBlackBox\Packages\Delphi2009\CloudBBoxD12.bpl not found</Excluded_Packages>
						<Excluded_Packages Name="C:\Rep2009\EldoS\SecureBlackBox\Packages\Delphi2009\DAVBBoxCliD12.bpl">File C:\Rep2009\EldoS\SecureBlackBox\Packages\Delphi2009\DAVBBoxCliD12.bpl not found</Excluded_Packages>
						<Excluded_Packages Name="C:\Rep2009\EldoS\SecureBlackBox\Packages\Delphi2009\DAVBBoxSrvD12.bpl">File C:\Rep2009\EldoS\SecureBlackBox\Packages\Delphi2009\DAVBBoxSrvD12.bpl not found</Excluded_Packages>
						<Excluded_Packages Name="C:\Rep2009\EldoS\SecureBlackBox\Packages\Delphi2009\DCBBoxD12.bpl">File C:\Rep2009\EldoS\SecureBlackBox\Packages\Delphi2009\DCBBoxD12.bpl not found</Excluded_Packages>
						<Excluded_Packages Name="C:\Rep2009\EldoS\SecureBlackBox\Packages\Delphi2009\DCPKIBBoxD12.bpl">File C:\Rep2009\EldoS\SecureBlackBox\Packages\Delphi2009\DCPKIBBoxD12.bpl not found</Excluded_Packages>
						<Excluded_Packages Name="C:\Rep2009\EldoS\SecureBlackBox\Packages\Delphi2009\DsgnBBoxD12.bpl">File C:\Rep2009\EldoS\SecureBlackBox\Packages\Delphi2009\DsgnBBoxD12.bpl not found</Excluded_Packages>
						<Excluded_Packages Name="C:\Rep2009\EldoS\SecureBlackBox\Packages\Delphi2009\EDIBBoxD12.bpl">File C:\Rep2009\EldoS\SecureBlackBox\Packages\Delphi2009\EDIBBoxD12.bpl not found</Excluded_Packages>
						<Excluded_Packages Name="C:\Rep2009\EldoS\SecureBlackBox\Packages\Delphi2009\FTPSBBoxCliD12.bpl">File C:\Rep2009\EldoS\SecureBlackBox\Packages\Delphi2009\FTPSBBoxCliD12.bpl not found</Excluded_Packages>
						<Excluded_Packages Name="C:\Rep2009\EldoS\SecureBlackBox\Packages\Delphi2009\FTPSBBoxSrvD12.bpl">File C:\Rep2009\EldoS\SecureBlackBox\Packages\Delphi2009\FTPSBBoxSrvD12.bpl not found</Excluded_Packages>
						<Excluded_Packages Name="C:\Rep2009\EldoS\SecureBlackBox\Packages\Delphi2009\HTTPBBoxCliD12.bpl">File C:\Rep2009\EldoS\SecureBlackBox\Packages\Delphi2009\HTTPBBoxCliD12.bpl not found</Excluded_Packages>
						<Excluded_Packages Name="C:\Rep2009\EldoS\SecureBlackBox\Packages\Delphi2009\HTTPBBoxSrvD12.bpl">File C:\Rep2009\EldoS\SecureBlackBox\Packages\Delphi2009\HTTPBBoxSrvD12.bpl not found</Excluded_Packages>
						<Excluded_Packages Name="C:\Rep2009\EldoS\SecureBlackBox\Packages\Delphi2009\LDAPBBoxD12.bpl">File C:\Rep2009\EldoS\SecureBlackBox\Packages\Delphi2009\LDAPBBoxD12.bpl not found</Excluded_Packages>
						<Excluded_Packages Name="C:\Rep2009\EldoS\SecureBlackBox\Packages\Delphi2009\MailBBoxD12.bpl">File C:\Rep2009\EldoS\SecureBlackBox\Packages\Delphi2009\MailBBoxD12.bpl not found</Excluded_Packages>
						<Excluded_Packages Name="C:\Rep2009\EldoS\SecureBlackBox\Packages\Delphi2009\MIMEBBoxD12.bpl">File C:\Rep2009\EldoS\SecureBlackBox\Packages\Delphi2009\MIMEBBoxD12.bpl not found</Excluded_Packages>
						<Excluded_Packages Name="C:\Rep2009\EldoS\SecureBlackBox\Packages\Delphi2009\OfficeBBoxD12.bpl">File C:\Rep2009\EldoS\SecureBlackBox\Packages\Delphi2009\OfficeBBoxD12.bpl not found</Excluded_Packages>
						<Excluded_Packages Name="C:\Rep2009\EldoS\SecureBlackBox\Packages\Delphi2009\PDFBBoxD12.bpl">File C:\Rep2009\EldoS\SecureBlackBox\Packages\Delphi2009\PDFBBoxD12.bpl not found</Excluded_Packages>
						<Excluded_Packages Name="C:\Rep2009\EldoS\SecureBlackBox\Packages\Delphi2009\PGPBBoxD12.bpl">File C:\Rep2009\EldoS\SecureBlackBox\Packages\Delphi2009\PGPBBoxD12.bpl not found</Excluded_Packages>
						<Excluded_Packages Name="C:\Rep2009\EldoS\SecureBlackBox\Packages\Delphi2009\PGPLDAPBBoxD12.bpl">File C:\Rep2009\EldoS\SecureBlackBox\Packages\Delphi2009\PGPLDAPBBoxD12.bpl not found</Excluded_Packages>
						<Excluded_Packages Name="C:\Rep2009\EldoS\SecureBlackBox\Packages\Delphi2009\PGPMIMEBBoxD12.bpl">File C:\Rep2009\EldoS\SecureBlackBox\Packages\Delphi2009\PGPMIMEBBoxD12.bpl not found</Excluded_Packages>
						<Excluded_Packages Name="C:\Rep2009\EldoS\SecureBlackBox\Packages\Delphi2009\PGPSSHBBoxD12.bpl">File C:\Rep2009\EldoS\SecureBlackBox\Packages\Delphi2009\PGPSSHBBoxD12.bpl not found</Excluded_Packages>
						<Excluded_Packages Name="C:\Rep2009\EldoS\SecureBlackBox\Packages\Delphi2009\PGPTLSBBoxD12.bpl">File C:\Rep2009\EldoS\SecureBlackBox\Packages\Delphi2009\PGPTLSBBoxD12.bpl not found</Excluded_Packages>
						<Excluded_Packages Name="C:\Rep2009\EldoS\SecureBlackBox\Packages\Delphi2009\PKIBBoxD12.bpl">File C:\Rep2009\EldoS\SecureBlackBox\Packages\Delphi2009\PKIBBoxD12.bpl not found</Excluded_Packages>
						<Excluded_Packages Name="C:\Rep2009\EldoS\SecureBlackBox\Packages\Delphi2009\PKIPDFBBoxD12.bpl">File C:\Rep2009\EldoS\SecureBlackBox\Packages\Delphi2009\PKIPDFBBoxD12.bpl not found</Excluded_Packages>
						<Excluded_Packages Name="C:\Rep2009\EldoS\SecureBlackBox\Packages\Delphi2009\PKISSHBBoxD12.bpl">File C:\Rep2009\EldoS\SecureBlackBox\Packages\Delphi2009\PKISSHBBoxD12.bpl not found</Excluded_Packages>
						<Excluded_Packages Name="C:\Rep2009\EldoS\SecureBlackBox\Packages\Delphi2009\SAMLBBoxD12.bpl">File C:\Rep2009\EldoS\SecureBlackBox\Packages\Delphi2009\SAMLBBoxD12.bpl not found</Excluded_Packages>
						<Excluded_Packages Name="C:\Rep2009\EldoS\SecureBlackBox\Packages\Delphi2009\SAMLBBoxSrvD12.bpl">File C:\Rep2009\EldoS\SecureBlackBox\Packages\Delphi2009\SAMLBBoxSrvD12.bpl not found</Excluded_Packages>
						<Excluded_Packages Name="C:\Rep2009\EldoS\SecureBlackBox\Packages\Delphi2009\SFTPBBoxCliD12.bpl">File C:\Rep2009\EldoS\SecureBlackBox\Packages\Delphi2009\SFTPBBoxCliD12.bpl not found</Excluded_Packages>
						<Excluded_Packages Name="C:\Rep2009\EldoS\SecureBlackBox\Packages\Delphi2009\SFTPBBoxSrvD12.bpl">File C:\Rep2009\EldoS\SecureBlackBox\Packages\Delphi2009\SFTPBBoxSrvD12.bpl not found</Excluded_Packages>
						<Excluded_Packages Name="C:\Rep2009\EldoS\SecureBlackBox\Packages\Delphi2009\SMIMEBBoxD12.bpl">File C:\Rep2009\EldoS\SecureBlackBox\Packages\Delphi2009\SMIMEBBoxD12.bpl not found</Excluded_Packages>
						<Excluded_Packages Name="C:\Rep2009\EldoS\SecureBlackBox\Packages\Delphi2009\SMIMECAdESBBoxD12.bpl">File C:\Rep2009\EldoS\SecureBlackBox\Packages\Delphi2009\SMIMECAdESBBoxD12.bpl not found</Excluded_Packages>
						<Excluded_Packages Name="C:\Rep2009\EldoS\SecureBlackBox\Packages\Delphi2009\SOAPBBoxCliD12.bpl">File C:\Rep2009\EldoS\SecureBlackBox\Packages\Delphi2009\SOAPBBoxCliD12.bpl not found</Excluded_Packages>
						<Excluded_Packages Name="C:\Rep2009\EldoS\SecureBlackBox\Packages\Delphi2009\SSHBBoxCliD12.bpl">File C:\Rep2009\EldoS\SecureBlackBox\Packages\Delphi2009\SSHBBoxCliD12.bpl not found</Excluded_Packages>
						<Excluded_Packages Name="C:\Rep2009\EldoS\SecureBlackBox\Packages\Delphi2009\SSHBBoxSrvD12.bpl">File C:\Rep2009\EldoS\SecureBlackBox\Packages\Delphi2009\SSHBBoxSrvD12.bpl not found</Excluded_Packages>
						<Excluded_Packages Name="C:\Rep2009\EldoS\SecureBlackBox\Packages\Delphi2009\SSLBBoxCliD12.bpl">File C:\Rep2009\EldoS\SecureBlackBox\Packages\Delphi2009\SSLBBoxCliD12.bpl not found</Excluded_Packages>
						<Excluded_Packages Name="C:\Rep2009\EldoS\SecureBlackBox\Packages\Delphi2009\SSLBBoxSrvD12.bpl">File C:\Rep2009\EldoS\SecureBlackBox\Packages\Delphi2009\SSLBBoxSrvD12.bpl not found</Excluded_Packages>
						<Excluded_Packages Name="C:\Rep2009\EldoS\SecureBlackBox\Packages\Delphi2009\XMLBBoxD12.bpl">File C:\Rep2009\EldoS\SecureBlackBox\Packages\Delphi2009\XMLBBoxD12.bpl not found</Excluded_Packages>
						<Excluded_Packages Name="C:\Rep2009\EldoS\SecureBlackBox\Packages\Delphi2009\XMLBBoxSecD12.bpl">File C:\Rep2009\EldoS\SecureBlackBox\Packages\Delphi2009\XMLBBoxSecD12.bpl not found</Excluded_Packages>
						<Excluded_Packages Name="C:\Rep2009\EldoS\SecureBlackBox\Packages\Delphi2009\ZIPBBoxD12.bpl">File C:\Rep2009\EldoS\SecureBlackBox\Packages\Delphi2009\ZIPBBoxD12.bpl not found</Excluded_Packages>
					</Excluded_Packages>
				</Delphi.Personality>
			</BorlandProject>
			<ProjectFileVersion>12</ProjectFileVersion>
		</ProjectExtensions>
	</Project>
